
Microsoft Visual Studio Solution File, Format Version 12.00
# Visual Studio Version 17
VisualStudioVersion = 17.4.33103.184
MinimumVisualStudioVersion = 10.0.40219.1
Project("{FAE04EC0-301F-11D3-BF4B-00C04F79EFBC}") = "Sign-in Application", "Sign-in Application\Sign-in Application.csproj", "{F2DEC4D4-A181-4477-9047-11DA8429C9CA}"
EndProject
Global
	GlobalSection(SolutionConfigurationPlatforms) = preSolution
		Debug|Any CPU = Debug|Any CPU
		Release|Any CPU = Release|Any CPU
	EndGlobalSection
	GlobalSection(ProjectConfigurationPlatforms) = postSolution
		{F2DEC4D4-A181-4477-9047-11DA8429C9CA}.Debug|Any CPU.ActiveCfg = Debug|Any CPU
		{F2DEC4D4-A181-4477-9047-11DA8429C9CA}.Debug|Any CPU.Build.0 = Debug|Any CPU
		{F2DEC4D4-A181-4477-9047-11DA8429C9CA}.Release|Any CPU.ActiveCfg = Release|Any CPU
		{F2DEC4D4-A181-4477-9047-11DA8429C9CA}.Release|Any CPU.Build.0 = Release|Any CPU
	EndGlobalSection
	GlobalSection(SolutionProperties) = preSolution
		HideSolutionNode = FALSE
	EndGlobalSection
	GlobalSection(ExtensibilityGlobals) = postSolution
		SolutionGuid = {EE0F8342-95FB-4B7A-BA4F-193DFC618BEB}
	EndGlobalSection
EndGlobal
